Microsoft Visual Studio Solution File, Format Version 11.00
# Visual Studio 2008

Project("{A91EF1D2-05DD-5F66-CBD2-4CA4B227BA4E}") = "AI_Assignment", "Assembly-CSharp.csproj", "{92C0E864-D800-080D-BE4F-EEA9BF5BAE97}"
EndProject
Global
	GlobalSection(SolutionConfigurationPlatforms) = preSolution
		Debug|Any CPU = Debug|Any CPU
		Release|Any CPU = Release|Any CPU
	EndGlobalSection
	GlobalSection(ProjectConfigurationPlatforms) = postSolution
		{92C0E864-D800-080D-BE4F-EEA9BF5BAE97}.Debug|Any CPU.ActiveCfg = Debug|Any CPU
		{92C0E864-D800-080D-BE4F-EEA9BF5BAE97}.Debug|Any CPU.Build.0 = Debug|Any CPU
		{92C0E864-D800-080D-BE4F-EEA9BF5BAE97}.Release|Any CPU.ActiveCfg = Release|Any CPU
		{92C0E864-D800-080D-BE4F-EEA9BF5BAE97}.Release|Any CPU.Build.0 = Release|Any CPU
	EndGlobalSection
	GlobalSection(SolutionProperties) = preSolution
		HideSolutionNode = FALSE
	EndGlobalSection
	GlobalSection(MonoDevelopProperties) = preSolution
		StartupItem = Assembly-CSharp.csproj
	EndGlobalSection
EndGlobal
